
Microsoft Visual Studio Solution File, Format Version 12.00
# Visual Studio 15
VisualStudioVersion = 15.0.28010.2036
MinimumVisualStudioVersion = 10.0.40219.1
Project("{FAE04EC0-301F-11D3-BF4B-00C04F79EFBC}") = "DragNDropXF.Android", "DragNDropXF\DragNDropXF.Android\DragNDropXF.Android.csproj", "{139251E0-74E0-465D-8683-6D1F050A27BB}"
EndProject
Project("{FAE04EC0-301F-11D3-BF4B-00C04F79EFBC}") = "DragNDropXF.iOS", "DragNDropXF\DragNDropXF.iOS\DragNDropXF.iOS.csproj", "{713B0F84-8742-4842-8281-CA14AA3BDDAF}"
EndProject
Project("{FAE04EC0-301F-11D3-BF4B-00C04F79EFBC}") = "DragNDropXF.UWP", "DragNDropXF\DragNDropXF.UWP\DragNDropXF.UWP.csproj", "{13D6A695-8F2B-4994-BFB4-0373B9181F1D}"
EndProject
Project("{FAE04EC0-301F-11D3-BF4B-00C04F79EFBC}") = "DragNDropXF", "DragNDropXF\DragNDropXF\DragNDropXF.csproj", "{47B368BA-F5AD-4214-9794-C31674EC7B17}"
EndProject
Global
	GlobalSection(SolutionConfigurationPlatforms) = preSolution
		Ad-Hoc|Any CPU = Ad-Hoc|Any CPU
		Ad-Hoc|ARM = Ad-Hoc|ARM
		Ad-Hoc|iPhone = Ad-Hoc|iPhone
		Ad-Hoc|iPhoneSimulator = Ad-Hoc|iPhoneSimulator
		Ad-Hoc|x64 = Ad-Hoc|x64
		Ad-Hoc|x86 = Ad-Hoc|x86
		AppStore|Any CPU = AppStore|Any CPU
		AppStore|ARM = AppStore|ARM
		AppStore|iPhone = AppStore|iPhone
		AppStore|iPhoneSimulator = AppStore|iPhoneSimulator
		AppStore|x64 = AppStore|x64
		AppStore|x86 = AppStore|x86
		Debug|Any CPU = Debug|Any CPU
		Debug|ARM = Debug|ARM
		Debug|iPhone = Debug|iPhone
		Debug|iPhoneSimulator = Debug|iPhoneSimulator
		Debug|x64 = Debug|x64
		Debug|x86 = Debug|x86
		Release|Any CPU = Release|Any CPU
		Release|ARM = Release|ARM
		Release|iPhone = Release|iPhone
		Release|iPhoneSimulator = Release|iPhoneSimulator
		Release|x64 = Release|x64
		Release|x86 = Release|x86
	EndGlobalSection
	GlobalSection(ProjectConfigurationPlatforms) = postSolution
		{139251E0-74E0-465D-8683-6D1F050A27BB}.Ad-Hoc|Any CPU.ActiveCfg = Release|Any CPU
		{139251E0-74E0-465D-8683-6D1F050A27BB}.Ad-Hoc|Any CPU.Build.0 = Release|Any CPU
		{139251E0-74E0-465D-8683-6D1F050A27BB}.Ad-Hoc|Any CPU.Deploy.0 = Release|Any CPU
		{139251E0-74E0-465D-8683-6D1F050A27BB}.Ad-Hoc|ARM.ActiveCfg = Release|Any CPU
		{139251E0-74E0-465D-8683-6D1F050A27BB}.Ad-Hoc|ARM.Build.0 = Release|Any CPU
		{139251E0-74E0-465D-8683-6D1F050A27BB}.Ad-Hoc|ARM.Deploy.0 = Release|Any CPU
		{139251E0-74E0-465D-8683-6D1F050A27BB}.Ad-Hoc|iPhone.ActiveCfg = Release|Any CPU
		{139251E0-74E0-465D-8683-6D1F050A27BB}.Ad-Hoc|iPhone.Build.0 = Release|Any CPU
		{139251E0-74E0-465D-8683-6D1F050A27BB}.Ad-Hoc|iPhone.Deploy.0 = Release|Any CPU
		{139251E0-74E0-465D-8683-6D1F050A27BB}.Ad-Hoc|iPhoneSimulator.ActiveCfg = Release|Any CPU
		{139251E0-74E0-465D-8683-6D1F050A27BB}.Ad-Hoc|iPhoneSimulator.Build.0 = Release|Any CPU
		{139251E0-74E0-465D-8683-6D1F050A27BB}.Ad-Hoc|iPhoneSimulator.Deploy.0 = Release|Any CPU
		{139251E0-74E0-465D-8683-6D1F050A27BB}.Ad-Hoc|x64.ActiveCfg = Release|Any CPU
		{139251E0-74E0-465D-8683-6D1F050A27BB}.Ad-Hoc|x64.Build.0 = Release|Any CPU
		{139251E0-74E0-465D-8683-6D1F050A27BB}.Ad-Hoc|x64.Deploy.0 = Release|Any CPU
		{139251E0-74E0-465D-8683-6D1F050A27BB}.Ad-Hoc|x86.ActiveCfg = Release|Any CPU
		{139251E0-74E0-465D-8683-6D1F050A27BB}.Ad-Hoc|x86.Build.0 = Release|Any CPU
		{139251E0-74E0-465D-8683-6D1F050A27BB}.Ad-Hoc|x86.Deploy.0 = Release|Any CPU
		{139251E0-74E0-465D-8683-6D1F050A27BB}.AppStore|Any CPU.ActiveCfg = Release|Any CPU
		{139251E0-74E0-465D-8683-6D1F050A27BB}.AppStore|Any CPU.Build.0 = Release|Any CPU
		{139251E0-74E0-465D-8683-6D1F050A27BB}.AppStore|Any CPU.Deploy.0 = Release|Any CPU
		{139251E0-74E0-465D-8683-6D1F050A27BB}.AppStore|ARM.ActiveCfg = Release|Any CPU
		{139251E0-74E0-465D-8683-6D1F050A27BB}.AppStore|ARM.Build.0 = Release|Any CPU
		{139251E0-74E0-465D-8683-6D1F050A27BB}.AppStore|ARM.Deploy.0 = Release|Any CPU
		{139251E0-74E0-465D-8683-6D1F050A27BB}.AppStore|iPhone.ActiveCfg = Release|Any CPU
		{139251E0-74E0-465D-8683-6D1F050A27BB}.AppStore|iPhone.Build.0 = Release|Any CPU
		{139251E0-74E0-465D-8683-6D1F050A27BB}.AppStore|iPhone.Deploy.0 = Release|Any CPU
		{139251E0-74E0-465D-8683-6D1F050A27BB}.AppStore|iPhoneSimulator.ActiveCfg = Release|Any CPU
		{139251E0-74E0-465D-8683-6D1F050A27BB}.AppStore|iPhoneSimulator.Build.0 = Release|Any CPU
		{139251E0-74E0-465D-8683-6D1F050A27BB}.AppStore|iPhoneSimulator.Deploy.0 = Release|Any CPU
		{139251E0-74E0-465D-8683-6D1F050A27BB}.AppStore|x64.ActiveCfg = Release|Any CPU
		{139251E0-74E0-465D-8683-6D1F050A27BB}.AppStore|x64.Build.0 = Release|Any CPU
		{139251E0-74E0-465D-8683-6D1F050A27BB}.AppStore|x64.Deploy.0 = Release|Any CPU
		{139251E0-74E0-465D-8683-6D1F050A27BB}.AppStore|x86.ActiveCfg = Release|Any CPU
		{139251E0-74E0-465D-8683-6D1F050A27BB}.AppStore|x86.Build.0 = Release|Any CPU
		{139251E0-74E0-465D-8683-6D1F050A27BB}.AppStore|x86.Deploy.0 = Release|Any CPU
		{139251E0-74E0-465D-8683-6D1F050A27BB}.Debug|Any CPU.ActiveCfg = Debug|Any CPU
		{139251E0-74E0-465D-8683-6D1F050A27BB}.Debug|Any CPU.Build.0 = Debug|Any CPU
		{139251E0-74E0-465D-8683-6D1F050A27BB}.Debug|Any CPU.Deploy.0 = Debug|Any CPU
		{139251E0-74E0-465D-8683-6D1F050A27BB}.Debug|ARM.ActiveCfg = Debug|Any CPU
		{139251E0-74E0-465D-8683-6D1F050A27BB}.Debug|ARM.Build.0 = Debug|Any CPU
		{139251E0-74E0-465D-8683-6D1F050A27BB}.Debug|ARM.Deploy.0 = Debug|Any CPU
		{139251E0-74E0-465D-8683-6D1F050A27BB}.Debug|iPhone.ActiveCfg = Debug|Any CPU
		{139251E0-74E0-465D-8683-6D1F050A27BB}.Debug|iPhone.Build.0 = Debug|Any CPU
		{139251E0-74E0-465D-8683-6D1F050A27BB}.Debug|iPhone.Deploy.0 = Debug|Any CPU
		{139251E0-74E0-465D-8683-6D1F050A27BB}.Debug|iPhoneSimulator.ActiveCfg = Debug|Any CPU
		{139251E0-74E0-465D-8683-6D1F050A27BB}.Debug|iPhoneSimulator.Build.0 = Debug|Any CPU
		{139251E0-74E0-465D-8683-6D1F050A27BB}.Debug|iPhoneSimulator.Deploy.0 = Debug|Any CPU
		{139251E0-74E0-465D-8683-6D1F050A27BB}.Debug|x64.ActiveCfg = Debug|Any CPU
		{139251E0-74E0-465D-8683-6D1F050A27BB}.Debug|x64.Build.0 = Debug|Any CPU
		{139251E0-74E0-465D-8683-6D1F050A27BB}.Debug|x64.Deploy.0 = Debug|Any CPU
		{139251E0-74E0-465D-8683-6D1F050A27BB}.Debug|x86.ActiveCfg = Debug|Any CPU
		{139251E0-74E0-465D-8683-6D1F050A27BB}.Debug|x86.Build.0 = Debug|Any CPU
		{139251E0-74E0-465D-8683-6D1F050A27BB}.Debug|x86.Deploy.0 = Debug|Any CPU
		{139251E0-74E0-465D-8683-6D1F050A27BB}.Release|Any CPU.ActiveCfg = Release|Any CPU
		{139251E0-74E0-465D-8683-6D1F050A27BB}.Release|Any CPU.Build.0 = Release|Any CPU
		{139251E0-74E0-465D-8683-6D1F050A27BB}.Release|Any CPU.Deploy.0 = Release|Any CPU
		{139251E0-74E0-465D-8683-6D1F050A27BB}.Release|ARM.ActiveCfg = Release|Any CPU
		{139251E0-74E0-465D-8683-6D1F050A27BB}.Release|ARM.Build.0 = Release|Any CPU
		{139251E0-74E0-465D-8683-6D1F050A27BB}.Release|ARM.Deploy.0 = Release|Any CPU
		{139251E0-74E0-465D-8683-6D1F050A27BB}.Release|iPhone.ActiveCfg = Release|Any CPU
		{139251E0-74E0-465D-8683-6D1F050A27BB}.Release|iPhone.Build.0 = Release|Any CPU
		{139251E0-74E0-465D-8683-6D1F050A27BB}.Release|iPhone.Deploy.0 = Release|Any CPU
		{139251E0-74E0-465D-8683-6D1F050A27BB}.Release|iPhoneSimulator.ActiveCfg = Release|Any CPU
		{139251E0-74E0-465D-8683-6D1F050A27BB}.Release|iPhoneSimulator.Build.0 = Release|Any CPU
		{139251E0-74E0-465D-8683-6D1F050A27BB}.Release|iPhoneSimulator.Deploy.0 = Release|Any CPU
		{139251E0-74E0-465D-8683-6D1F050A27BB}.Release|x64.ActiveCfg = Release|Any CPU
		{139251E0-74E0-465D-8683-6D1F050A27BB}.Release|x64.Build.0 = Release|Any CPU
		{139251E0-74E0-465D-8683-6D1F050A27BB}.Release|x64.Deploy.0 = Release|Any CPU
		{139251E0-74E0-465D-8683-6D1F050A27BB}.Release|x86.ActiveCfg = Release|Any CPU
		{139251E0-74E0-465D-8683-6D1F050A27BB}.Release|x86.Build.0 = Release|Any CPU
		{139251E0-74E0-465D-8683-6D1F050A27BB}.Release|x86.Deploy.0 = Release|Any CPU
		{713B0F84-8742-4842-8281-CA14AA3BDDAF}.Ad-Hoc|Any CPU.ActiveCfg = Ad-Hoc|iPhone
		{713B0F84-8742-4842-8281-CA14AA3BDDAF}.Ad-Hoc|Any CPU.Build.0 = Ad-Hoc|iPhone
		{713B0F84-8742-4842-8281-CA14AA3BDDAF}.Ad-Hoc|Any CPU.Deploy.0 = Ad-Hoc|iPhone
		{713B0F84-8742-4842-8281-CA14AA3BDDAF}.Ad-Hoc|ARM.ActiveCfg = Ad-Hoc|iPhone
		{713B0F84-8742-4842-8281-CA14AA3BDDAF}.Ad-Hoc|ARM.Build.0 = Ad-Hoc|iPhone
		{713B0F84-8742-4842-8281-CA14AA3BDDAF}.Ad-Hoc|ARM.Deploy.0 = Ad-Hoc|iPhone
		{713B0F84-8742-4842-8281-CA14AA3BDDAF}.Ad-Hoc|iPhone.ActiveCfg = Ad-Hoc|iPhone
		{713B0F84-8742-4842-8281-CA14AA3BDDAF}.Ad-Hoc|iPhone.Build.0 = Ad-Hoc|iPhone
		{713B0F84-8742-4842-8281-CA14AA3BDDAF}.Ad-Hoc|iPhone.Deploy.0 = Ad-Hoc|iPhone
		{713B0F84-8742-4842-8281-CA14AA3BDDAF}.Ad-Hoc|iPhoneSimulator.ActiveCfg = Ad-Hoc|iPhoneSimulator
		{713B0F84-8742-4842-8281-CA14AA3BDDAF}.Ad-Hoc|iPhoneSimulator.Build.0 = Ad-Hoc|iPhoneSimulator
		{713B0F84-8742-4842-8281-CA14AA3BDDAF}.Ad-Hoc|iPhoneSimulator.Deploy.0 = Ad-Hoc|iPhoneSimulator
		{713B0F84-8742-4842-8281-CA14AA3BDDAF}.Ad-Hoc|x64.ActiveCfg = Ad-Hoc|iPhone
		{713B0F84-8742-4842-8281-CA14AA3BDDAF}.Ad-Hoc|x64.Build.0 = Ad-Hoc|iPhone
		{713B0F84-8742-4842-8281-CA14AA3BDDAF}.Ad-Hoc|x64.Deploy.0 = Ad-Hoc|iPhone
		{713B0F84-8742-4842-8281-CA14AA3BDDAF}.Ad-Hoc|x86.ActiveCfg = Ad-Hoc|iPhone
		{713B0F84-8742-4842-8281-CA14AA3BDDAF}.Ad-Hoc|x86.Build.0 = Ad-Hoc|iPhone
		{713B0F84-8742-4842-8281-CA14AA3BDDAF}.Ad-Hoc|x86.Deploy.0 = Ad-Hoc|iPhone
		{713B0F84-8742-4842-8281-CA14AA3BDDAF}.AppStore|Any CPU.ActiveCfg = AppStore|iPhone
		{713B0F84-8742-4842-8281-CA14AA3BDDAF}.AppStore|Any CPU.Build.0 = AppStore|iPhone
		{713B0F84-8742-4842-8281-CA14AA3BDDAF}.AppStore|Any CPU.Deploy.0 = AppStore|iPhone
		{713B0F84-8742-4842-8281-CA14AA3BDDAF}.AppStore|ARM.ActiveCfg = AppStore|iPhone
		{713B0F84-8742-4842-8281-CA14AA3BDDAF}.AppStore|ARM.Build.0 = AppStore|iPhone
		{713B0F84-8742-4842-8281-CA14AA3BDDAF}.AppStore|ARM.Deploy.0 = AppStore|iPhone
		{713B0F84-8742-4842-8281-CA14AA3BDDAF}.AppStore|iPhone.ActiveCfg = AppStore|iPhone
		{713B0F84-8742-4842-8281-CA14AA3BDDAF}.AppStore|iPhone.Build.0 = AppStore|iPhone
		{713B0F84-8742-4842-8281-CA14AA3BDDAF}.AppStore|iPhone.Deploy.0 = AppStore|iPhone
		{713B0F84-8742-4842-8281-CA14AA3BDDAF}.AppStore|iPhoneSimulator.ActiveCfg = AppStore|iPhoneSimulator
		{713B0F84-8742-4842-8281-CA14AA3BDDAF}.AppStore|iPhoneSimulator.Build.0 = AppStore|iPhoneSimulator
		{713B0F84-8742-4842-8281-CA14AA3BDDAF}.AppStore|iPhoneSimulator.Deploy.0 = AppStore|iPhoneSimulator
		{713B0F84-8742-4842-8281-CA14AA3BDDAF}.AppStore|x64.ActiveCfg = AppStore|iPhone
		{713B0F84-8742-4842-8281-CA14AA3BDDAF}.AppStore|x64.Build.0 = AppStore|iPhone
		{713B0F84-8742-4842-8281-CA14AA3BDDAF}.AppStore|x64.Deploy.0 = AppStore|iPhone
		{713B0F84-8742-4842-8281-CA14AA3BDDAF}.AppStore|x86.ActiveCfg = AppStore|iPhone
		{713B0F84-8742-4842-8281-CA14AA3BDDAF}.AppStore|x86.Build.0 = AppStore|iPhone
		{713B0F84-8742-4842-8281-CA14AA3BDDAF}.AppStore|x86.Deploy.0 = AppStore|iPhone
		{713B0F84-8742-4842-8281-CA14AA3BDDAF}.Debug|Any CPU.ActiveCfg = Debug|iPhoneSimulator
		{713B0F84-8742-4842-8281-CA14AA3BDDAF}.Debug|Any CPU.Build.0 = Debug|iPhoneSimulator
		{713B0F84-8742-4842-8281-CA14AA3BDDAF}.Debug|Any CPU.Deploy.0 = Debug|iPhoneSimulator
		{713B0F84-8742-4842-8281-CA14AA3BDDAF}.Debug|ARM.ActiveCfg = Debug|iPhone
		{713B0F84-8742-4842-8281-CA14AA3BDDAF}.Debug|ARM.Build.0 = Debug|iPhone
		{713B0F84-8742-4842-8281-CA14AA3BDDAF}.Debug|ARM.Deploy.0 = Debug|iPhone
		{713B0F84-8742-4842-8281-CA14AA3BDDAF}.Debug|iPhone.ActiveCfg = Debug|iPhone
		{713B0F84-8742-4842-8281-CA14AA3BDDAF}.Debug|iPhone.Build.0 = Debug|iPhone
		{713B0F84-8742-4842-8281-CA14AA3BDDAF}.Debug|iPhone.Deploy.0 = Debug|iPhone
		{713B0F84-8742-4842-8281-CA14AA3BDDAF}.Debug|iPhoneSimulator.ActiveCfg = Debug|iPhoneSimulator
		{713B0F84-8742-4842-8281-CA14AA3BDDAF}.Debug|iPhoneSimulator.Build.0 = Debug|iPhoneSimulator
		{713B0F84-8742-4842-8281-CA14AA3BDDAF}.Debug|iPhoneSimulator.Deploy.0 = Debug|iPhoneSimulator
		{713B0F84-8742-4842-8281-CA14AA3BDDAF}.Debug|x64.ActiveCfg = Debug|iPhone
		{713B0F84-8742-4842-8281-CA14AA3BDDAF}.Debug|x64.Build.0 = Debug|iPhone
		{713B0F84-8742-4842-8281-CA14AA3BDDAF}.Debug|x64.Deploy.0 = Debug|iPhone
		{713B0F84-8742-4842-8281-CA14AA3BDDAF}.Debug|x86.ActiveCfg = Debug|iPhone
		{713B0F84-8742-4842-8281-CA14AA3BDDAF}.Debug|x86.Build.0 = Debug|iPhone
		{713B0F84-8742-4842-8281-CA14AA3BDDAF}.Debug|x86.Deploy.0 = Debug|iPhone
		{713B0F84-8742-4842-8281-CA14AA3BDDAF}.Release|Any CPU.ActiveCfg = Release|iPhone
		{713B0F84-8742-4842-8281-CA14AA3BDDAF}.Release|Any CPU.Build.0 = Release|iPhone
		{713B0F84-8742-4842-8281-CA14AA3BDDAF}.Release|Any CPU.Deploy.0 = Release|iPhone
		{713B0F84-8742-4842-8281-CA14AA3BDDAF}.Release|ARM.ActiveCfg = Release|iPhone
		{713B0F84-8742-4842-8281-CA14AA3BDDAF}.Release|ARM.Build.0 = Release|iPhone
		{713B0F84-8742-4842-8281-CA14AA3BDDAF}.Release|ARM.Deploy.0 = Release|iPhone
		{713B0F84-8742-4842-8281-CA14AA3BDDAF}.Release|iPhone.ActiveCfg = Release|iPhone
		{713B0F84-8742-4842-8281-CA14AA3BDDAF}.Release|iPhone.Build.0 = Release|iPhone
		{713B0F84-8742-4842-8281-CA14AA3BDDAF}.Release|iPhone.Deploy.0 = Release|iPhone
		{713B0F84-8742-4842-8281-CA14AA3BDDAF}.Release|iPhoneSimulator.ActiveCfg = Release|iPhoneSimulator
		{713B0F84-8742-4842-8281-CA14AA3BDDAF}.Release|iPhoneSimulator.Build.0 = Release|iPhoneSimulator
		{713B0F84-8742-4842-8281-CA14AA3BDDAF}.Release|iPhoneSimulator.Deploy.0 = Release|iPhoneSimulator
		{713B0F84-8742-4842-8281-CA14AA3BDDAF}.Release|x64.ActiveCfg = Release|iPhone
		{713B0F84-8742-4842-8281-CA14AA3BDDAF}.Release|x64.Build.0 = Release|iPhone
		{713B0F84-8742-4842-8281-CA14AA3BDDAF}.Release|x64.Deploy.0 = Release|iPhone
		{713B0F84-8742-4842-8281-CA14AA3BDDAF}.Release|x86.ActiveCfg = Release|iPhone
		{713B0F84-8742-4842-8281-CA14AA3BDDAF}.Release|x86.Build.0 = Release|iPhone
		{713B0F84-8742-4842-8281-CA14AA3BDDAF}.Release|x86.Deploy.0 = Release|iPhone
		{13D6A695-8F2B-4994-BFB4-0373B9181F1D}.Ad-Hoc|Any CPU.ActiveCfg = Release|x86
		{13D6A695-8F2B-4994-BFB4-0373B9181F1D}.Ad-Hoc|Any CPU.Build.0 = Release|x86
		{13D6A695-8F2B-4994-BFB4-0373B9181F1D}.Ad-Hoc|Any CPU.Deploy.0 = Release|x86
		{13D6A695-8F2B-4994-BFB4-0373B9181F1D}.Ad-Hoc|ARM.ActiveCfg = Release|ARM
		{13D6A695-8F2B-4994-BFB4-0373B9181F1D}.Ad-Hoc|ARM.Build.0 = Release|ARM
		{13D6A695-8F2B-4994-BFB4-0373B9181F1D}.Ad-Hoc|ARM.Deploy.0 = Release|ARM
		{13D6A695-8F2B-4994-BFB4-0373B9181F1D}.Ad-Hoc|iPhone.ActiveCfg = Release|x86
		{13D6A695-8F2B-4994-BFB4-0373B9181F1D}.Ad-Hoc|iPhone.Build.0 = Release|x86
		{13D6A695-8F2B-4994-BFB4-0373B9181F1D}.Ad-Hoc|iPhone.Deploy.0 = Release|x86
		{13D6A695-8F2B-4994-BFB4-0373B9181F1D}.Ad-Hoc|iPhoneSimulator.ActiveCfg = Release|x86
		{13D6A695-8F2B-4994-BFB4-0373B9181F1D}.Ad-Hoc|iPhoneSimulator.Build.0 = Release|x86
		{13D6A695-8F2B-4994-BFB4-0373B9181F1D}.Ad-Hoc|iPhoneSimulator.Deploy.0 = Release|x86
		{13D6A695-8F2B-4994-BFB4-0373B9181F1D}.Ad-Hoc|x64.ActiveCfg = Release|x64
		{13D6A695-8F2B-4994-BFB4-0373B9181F1D}.Ad-Hoc|x64.Build.0 = Release|x64
		{13D6A695-8F2B-4994-BFB4-0373B9181F1D}.Ad-Hoc|x64.Deploy.0 = Release|x64
		{13D6A695-8F2B-4994-BFB4-0373B9181F1D}.Ad-Hoc|x86.ActiveCfg = Release|x86
		{13D6A695-8F2B-4994-BFB4-0373B9181F1D}.Ad-Hoc|x86.Build.0 = Release|x86
		{13D6A695-8F2B-4994-BFB4-0373B9181F1D}.Ad-Hoc|x86.Deploy.0 = Release|x86
		{13D6A695-8F2B-4994-BFB4-0373B9181F1D}.AppStore|Any CPU.ActiveCfg = Release|x86
		{13D6A695-8F2B-4994-BFB4-0373B9181F1D}.AppStore|Any CPU.Build.0 = Release|x86
		{13D6A695-8F2B-4994-BFB4-0373B9181F1D}.AppStore|Any CPU.Deploy.0 = Release|x86
		{13D6A695-8F2B-4994-BFB4-0373B9181F1D}.AppStore|ARM.ActiveCfg = Release|ARM
		{13D6A695-8F2B-4994-BFB4-0373B9181F1D}.AppStore|ARM.Build.0 = Release|ARM
		{13D6A695-8F2B-4994-BFB4-0373B9181F1D}.AppStore|ARM.Deploy.0 = Release|ARM
		{13D6A695-8F2B-4994-BFB4-0373B9181F1D}.AppStore|iPhone.ActiveCfg = Release|x86
		{13D6A695-8F2B-4994-BFB4-0373B9181F1D}.AppStore|iPhone.Build.0 = Release|x86
		{13D6A695-8F2B-4994-BFB4-0373B9181F1D}.AppStore|iPhone.Deploy.0 = Release|x86
		{13D6A695-8F2B-4994-BFB4-0373B9181F1D}.AppStore|iPhoneSimulator.ActiveCfg = Release|x86
		{13D6A695-8F2B-4994-BFB4-0373B9181F1D}.AppStore|iPhoneSimulator.Build.0 = Release|x86
		{13D6A695-8F2B-4994-BFB4-0373B9181F1D}.AppStore|iPhoneSimulator.Deploy.0 = Release|x86
		{13D6A695-8F2B-4994-BFB4-0373B9181F1D}.AppStore|x64.ActiveCfg = Release|x64
		{13D6A695-8F2B-4994-BFB4-0373B9181F1D}.AppStore|x64.Build.0 = Release|x64
		{13D6A695-8F2B-4994-BFB4-0373B9181F1D}.AppStore|x64.Deploy.0 = Release|x64
		{13D6A695-8F2B-4994-BFB4-0373B9181F1D}.AppStore|x86.ActiveCfg = Release|x86
		{13D6A695-8F2B-4994-BFB4-0373B9181F1D}.AppStore|x86.Build.0 = Release|x86
		{13D6A695-8F2B-4994-BFB4-0373B9181F1D}.AppStore|x86.Deploy.0 = Release|x86
		{13D6A695-8F2B-4994-BFB4-0373B9181F1D}.Debug|Any CPU.ActiveCfg = Debug|x86
		{13D6A695-8F2B-4994-BFB4-0373B9181F1D}.Debug|Any CPU.Build.0 = Debug|x86
		{13D6A695-8F2B-4994-BFB4-0373B9181F1D}.Debug|Any CPU.Deploy.0 = Debug|x86
		{13D6A695-8F2B-4994-BFB4-0373B9181F1D}.Debug|ARM.ActiveCfg = Debug|ARM
		{13D6A695-8F2B-4994-BFB4-0373B9181F1D}.Debug|ARM.Build.0 = Debug|ARM
		{13D6A695-8F2B-4994-BFB4-0373B9181F1D}.Debug|ARM.Deploy.0 = Debug|ARM
		{13D6A695-8F2B-4994-BFB4-0373B9181F1D}.Debug|iPhone.ActiveCfg = Debug|x86
		{13D6A695-8F2B-4994-BFB4-0373B9181F1D}.Debug|iPhone.Build.0 = Debug|x86
		{13D6A695-8F2B-4994-BFB4-0373B9181F1D}.Debug|iPhone.Deploy.0 = Debug|x86
		{13D6A695-8F2B-4994-BFB4-0373B9181F1D}.Debug|iPhoneSimulator.ActiveCfg = Debug|x86
		{13D6A695-8F2B-4994-BFB4-0373B9181F1D}.Debug|iPhoneSimulator.Build.0 = Debug|x86
		{13D6A695-8F2B-4994-BFB4-0373B9181F1D}.Debug|iPhoneSimulator.Deploy.0 = Debug|x86
		{13D6A695-8F2B-4994-BFB4-0373B9181F1D}.Debug|x64.ActiveCfg = Debug|x64
		{13D6A695-8F2B-4994-BFB4-0373B9181F1D}.Debug|x64.Build.0 = Debug|x64
		{13D6A695-8F2B-4994-BFB4-0373B9181F1D}.Debug|x64.Deploy.0 = Debug|x64
		{13D6A695-8F2B-4994-BFB4-0373B9181F1D}.Debug|x86.ActiveCfg = Debug|x86
		{13D6A695-8F2B-4994-BFB4-0373B9181F1D}.Debug|x86.Build.0 = Debug|x86
		{13D6A695-8F2B-4994-BFB4-0373B9181F1D}.Debug|x86.Deploy.0 = Debug|x86
		{13D6A695-8F2B-4994-BFB4-0373B9181F1D}.Release|Any CPU.ActiveCfg = Release|x86
		{13D6A695-8F2B-4994-BFB4-0373B9181F1D}.Release|Any CPU.Build.0 = Release|x86
		{13D6A695-8F2B-4994-BFB4-0373B9181F1D}.Release|Any CPU.Deploy.0 = Release|x86
		{13D6A695-8F2B-4994-BFB4-0373B9181F1D}.Release|ARM.ActiveCfg = Release|ARM
		{13D6A695-8F2B-4994-BFB4-0373B9181F1D}.Release|ARM.Build.0 = Release|ARM
		{13D6A695-8F2B-4994-BFB4-0373B9181F1D}.Release|ARM.Deploy.0 = Release|ARM
		{13D6A695-8F2B-4994-BFB4-0373B9181F1D}.Release|iPhone.ActiveCfg = Release|x86
		{13D6A695-8F2B-4994-BFB4-0373B9181F1D}.Release|iPhone.Build.0 = Release|x86
		{13D6A695-8F2B-4994-BFB4-0373B9181F1D}.Release|iPhone.Deploy.0 = Release|x86
		{13D6A695-8F2B-4994-BFB4-0373B9181F1D}.Release|iPhoneSimulator.ActiveCfg = Release|x86
		{13D6A695-8F2B-4994-BFB4-0373B9181F1D}.Release|iPhoneSimulator.Build.0 = Release|x86
		{13D6A695-8F2B-4994-BFB4-0373B9181F1D}.Release|iPhoneSimulator.Deploy.0 = Release|x86
		{13D6A695-8F2B-4994-BFB4-0373B9181F1D}.Release|x64.ActiveCfg = Release|x64
		{13D6A695-8F2B-4994-BFB4-0373B9181F1D}.Release|x64.Build.0 = Release|x64
		{13D6A695-8F2B-4994-BFB4-0373B9181F1D}.Release|x64.Deploy.0 = Release|x64
		{13D6A695-8F2B-4994-BFB4-0373B9181F1D}.Release|x86.ActiveCfg = Release|x86
		{13D6A695-8F2B-4994-BFB4-0373B9181F1D}.Release|x86.Build.0 = Release|x86
		{13D6A695-8F2B-4994-BFB4-0373B9181F1D}.Release|x86.Deploy.0 = Release|x86
		{47B368BA-F5AD-4214-9794-C31674EC7B17}.Ad-Hoc|Any CPU.ActiveCfg = Debug|Any CPU
		{47B368BA-F5AD-4214-9794-C31674EC7B17}.Ad-Hoc|Any CPU.Build.0 = Debug|Any CPU
		{47B368BA-F5AD-4214-9794-C31674EC7B17}.Ad-Hoc|Any CPU.Deploy.0 = Debug|Any CPU
		{47B368BA-F5AD-4214-9794-C31674EC7B17}.Ad-Hoc|ARM.ActiveCfg = Debug|Any CPU
		{47B368BA-F5AD-4214-9794-C31674EC7B17}.Ad-Hoc|ARM.Build.0 = Debug|Any CPU
		{47B368BA-F5AD-4214-9794-C31674EC7B17}.Ad-Hoc|ARM.Deploy.0 = Debug|Any CPU
		{47B368BA-F5AD-4214-9794-C31674EC7B17}.Ad-Hoc|iPhone.ActiveCfg = Debug|Any CPU
		{47B368BA-F5AD-4214-9794-C31674EC7B17}.Ad-Hoc|iPhone.Build.0 = Debug|Any CPU
		{47B368BA-F5AD-4214-9794-C31674EC7B17}.Ad-Hoc|iPhone.Deploy.0 = Debug|Any CPU
		{47B368BA-F5AD-4214-9794-C31674EC7B17}.Ad-Hoc|iPhoneSimulator.ActiveCfg = Debug|Any CPU
		{47B368BA-F5AD-4214-9794-C31674EC7B17}.Ad-Hoc|iPhoneSimulator.Build.0 = Debug|Any CPU
		{47B368BA-F5AD-4214-9794-C31674EC7B17}.Ad-Hoc|iPhoneSimulator.Deploy.0 = Debug|Any CPU
		{47B368BA-F5AD-4214-9794-C31674EC7B17}.Ad-Hoc|x64.ActiveCfg = Debug|Any CPU
		{47B368BA-F5AD-4214-9794-C31674EC7B17}.Ad-Hoc|x64.Build.0 = Debug|Any CPU
		{47B368BA-F5AD-4214-9794-C31674EC7B17}.Ad-Hoc|x64.Deploy.0 = Debug|Any CPU
		{47B368BA-F5AD-4214-9794-C31674EC7B17}.Ad-Hoc|x86.ActiveCfg = Debug|Any CPU
		{47B368BA-F5AD-4214-9794-C31674EC7B17}.Ad-Hoc|x86.Build.0 = Debug|Any CPU
		{47B368BA-F5AD-4214-9794-C31674EC7B17}.Ad-Hoc|x86.Deploy.0 = Debug|Any CPU
		{47B368BA-F5AD-4214-9794-C31674EC7B17}.AppStore|Any CPU.ActiveCfg = Debug|Any CPU
		{47B368BA-F5AD-4214-9794-C31674EC7B17}.AppStore|Any CPU.Build.0 = Debug|Any CPU
		{47B368BA-F5AD-4214-9794-C31674EC7B17}.AppStore|Any CPU.Deploy.0 = Debug|Any CPU
		{47B368BA-F5AD-4214-9794-C31674EC7B17}.AppStore|ARM.ActiveCfg = Debug|Any CPU
		{47B368BA-F5AD-4214-9794-C31674EC7B17}.AppStore|ARM.Build.0 = Debug|Any CPU
		{47B368BA-F5AD-4214-9794-C31674EC7B17}.AppStore|ARM.Deploy.0 = Debug|Any CPU
		{47B368BA-F5AD-4214-9794-C31674EC7B17}.AppStore|iPhone.ActiveCfg = Debug|Any CPU
		{47B368BA-F5AD-4214-9794-C31674EC7B17}.AppStore|iPhone.Build.0 = Debug|Any CPU
		{47B368BA-F5AD-4214-9794-C31674EC7B17}.AppStore|iPhone.Deploy.0 = Debug|Any CPU
		{47B368BA-F5AD-4214-9794-C31674EC7B17}.AppStore|iPhoneSimulator.ActiveCfg = Debug|Any CPU
		{47B368BA-F5AD-4214-9794-C31674EC7B17}.AppStore|iPhoneSimulator.Build.0 = Debug|Any CPU
		{47B368BA-F5AD-4214-9794-C31674EC7B17}.AppStore|iPhoneSimulator.Deploy.0 = Debug|Any CPU
		{47B368BA-F5AD-4214-9794-C31674EC7B17}.AppStore|x64.ActiveCfg = Debug|Any CPU
		{47B368BA-F5AD-4214-9794-C31674EC7B17}.AppStore|x64.Build.0 = Debug|Any CPU
		{47B368BA-F5AD-4214-9794-C31674EC7B17}.AppStore|x64.Deploy.0 = Debug|Any CPU
		{47B368BA-F5AD-4214-9794-C31674EC7B17}.AppStore|x86.ActiveCfg = Debug|Any CPU
		{47B368BA-F5AD-4214-9794-C31674EC7B17}.AppStore|x86.Build.0 = Debug|Any CPU
		{47B368BA-F5AD-4214-9794-C31674EC7B17}.AppStore|x86.Deploy.0 = Debug|Any CPU
		{47B368BA-F5AD-4214-9794-C31674EC7B17}.Debug|Any CPU.ActiveCfg = Debug|Any CPU
		{47B368BA-F5AD-4214-9794-C31674EC7B17}.Debug|Any CPU.Build.0 = Debug|Any CPU
		{47B368BA-F5AD-4214-9794-C31674EC7B17}.Debug|Any CPU.Deploy.0 = Debug|Any CPU
		{47B368BA-F5AD-4214-9794-C31674EC7B17}.Debug|ARM.ActiveCfg = Debug|Any CPU
		{47B368BA-F5AD-4214-9794-C31674EC7B17}.Debug|ARM.Build.0 = Debug|Any CPU
		{47B368BA-F5AD-4214-9794-C31674EC7B17}.Debug|ARM.Deploy.0 = Debug|Any CPU
		{47B368BA-F5AD-4214-9794-C31674EC7B17}.Debug|iPhone.ActiveCfg = Debug|Any CPU
		{47B368BA-F5AD-4214-9794-C31674EC7B17}.Debug|iPhone.Build.0 = Debug|Any CPU
		{47B368BA-F5AD-4214-9794-C31674EC7B17}.Debug|iPhone.Deploy.0 = Debug|Any CPU
		{47B368BA-F5AD-4214-9794-C31674EC7B17}.Debug|iPhoneSimulator.ActiveCfg = Debug|Any CPU
		{47B368BA-F5AD-4214-9794-C31674EC7B17}.Debug|iPhoneSimulator.Build.0 = Debug|Any CPU
		{47B368BA-F5AD-4214-9794-C31674EC7B17}.Debug|iPhoneSimulator.Deploy.0 = Debug|Any CPU
		{47B368BA-F5AD-4214-9794-C31674EC7B17}.Debug|x64.ActiveCfg = Debug|Any CPU
		{47B368BA-F5AD-4214-9794-C31674EC7B17}.Debug|x64.Build.0 = Debug|Any CPU
		{47B368BA-F5AD-4214-9794-C31674EC7B17}.Debug|x64.Deploy.0 = Debug|Any CPU
		{47B368BA-F5AD-4214-9794-C31674EC7B17}.Debug|x86.ActiveCfg = Debug|Any CPU
		{47B368BA-F5AD-4214-9794-C31674EC7B17}.Debug|x86.Build.0 = Debug|Any CPU
		{47B368BA-F5AD-4214-9794-C31674EC7B17}.Debug|x86.Deploy.0 = Debug|Any CPU
		{47B368BA-F5AD-4214-9794-C31674EC7B17}.Release|Any CPU.ActiveCfg = Release|Any CPU
		{47B368BA-F5AD-4214-9794-C31674EC7B17}.Release|Any CPU.Build.0 = Release|Any CPU
		{47B368BA-F5AD-4214-9794-C31674EC7B17}.Release|Any CPU.Deploy.0 = Release|Any CPU
		{47B368BA-F5AD-4214-9794-C31674EC7B17}.Release|ARM.ActiveCfg = Release|Any CPU
		{47B368BA-F5AD-4214-9794-C31674EC7B17}.Release|ARM.Build.0 = Release|Any CPU
		{47B368BA-F5AD-4214-9794-C31674EC7B17}.Release|ARM.Deploy.0 = Release|Any CPU
		{47B368BA-F5AD-4214-9794-C31674EC7B17}.Release|iPhone.ActiveCfg = Release|Any CPU
		{47B368BA-F5AD-4214-9794-C31674EC7B17}.Release|iPhone.Build.0 = Release|Any CPU
		{47B368BA-F5AD-4214-9794-C31674EC7B17}.Release|iPhone.Deploy.0 = Release|Any CPU
		{47B368BA-F5AD-4214-9794-C31674EC7B17}.Release|iPhoneSimulator.ActiveCfg = Release|Any CPU
		{47B368BA-F5AD-4214-9794-C31674EC7B17}.Release|iPhoneSimulator.Build.0 = Release|Any CPU
		{47B368BA-F5AD-4214-9794-C31674EC7B17}.Release|iPhoneSimulator.Deploy.0 = Release|Any CPU
		{47B368BA-F5AD-4214-9794-C31674EC7B17}.Release|x64.ActiveCfg = Release|Any CPU
		{47B368BA-F5AD-4214-9794-C31674EC7B17}.Release|x64.Build.0 = Release|Any CPU
		{47B368BA-F5AD-4214-9794-C31674EC7B17}.Release|x64.Deploy.0 = Release|Any CPU
		{47B368BA-F5AD-4214-9794-C31674EC7B17}.Release|x86.ActiveCfg = Release|Any CPU
		{47B368BA-F5AD-4214-9794-C31674EC7B17}.Release|x86.Build.0 = Release|Any CPU
		{47B368BA-F5AD-4214-9794-C31674EC7B17}.Release|x86.Deploy.0 = Release|Any CPU
	EndGlobalSection
	GlobalSection(SolutionProperties) = preSolution
		HideSolutionNode = FALSE
	EndGlobalSection
	GlobalSection(ExtensibilityGlobals) = postSolution
		SolutionGuid = {FC3E5AC3-331E-405F-90E3-8A209D8BE60D}
	EndGlobalSection
EndGlobal
